
Microsoft Visual Studio Solution File, Format Version 12.00
# Visual Studio Version 17
VisualStudioVersion = 17.6.33829.357
MinimumVisualStudioVersion = 10.0.40219.1
Project("{FAE04EC0-301F-11D3-BF4B-00C04F79EFBC}") = "LanguageExtensions", "LanguageExtensions\LanguageExtensions.csproj", "{AA6BBD98-2CE1-43D9-97FD-E4ECDB69EF26}"
EndProject
Project("{FAE04EC0-301F-11D3-BF4B-00C04F79EFBC}") = "LanguageExtensions.Tests", "LanguageExtensions.Tests\LanguageExtensions.Tests.csproj", "{8F6285BA-FE36-4BFD-BB7D-42C5E5BC9482}"
EndProject
Global
	GlobalSection(SolutionConfigurationPlatforms) = preSolution
		Debug|Any CPU = Debug|Any CPU
		Release|Any CPU = Release|Any CPU
	EndGlobalSection
	GlobalSection(ProjectConfigurationPlatforms) = postSolution
		{AA6BBD98-2CE1-43D9-97FD-E4ECDB69EF26}.Debug|Any CPU.ActiveCfg = Debug|Any CPU
		{AA6BBD98-2CE1-43D9-97FD-E4ECDB69EF26}.Debug|Any CPU.Build.0 = Debug|Any CPU
		{AA6BBD98-2CE1-43D9-97FD-E4ECDB69EF26}.Release|Any CPU.ActiveCfg = Release|Any CPU
		{AA6BBD98-2CE1-43D9-97FD-E4ECDB69EF26}.Release|Any CPU.Build.0 = Release|Any CPU
		{8F6285BA-FE36-4BFD-BB7D-42C5E5BC9482}.Debug|Any CPU.ActiveCfg = Debug|Any CPU
		{8F6285BA-FE36-4BFD-BB7D-42C5E5BC9482}.Debug|Any CPU.Build.0 = Debug|Any CPU
		{8F6285BA-FE36-4BFD-BB7D-42C5E5BC9482}.Release|Any CPU.ActiveCfg = Release|Any CPU
		{8F6285BA-FE36-4BFD-BB7D-42C5E5BC9482}.Release|Any CPU.Build.0 = Release|Any CPU
	EndGlobalSection
	GlobalSection(SolutionProperties) = preSolution
		HideSolutionNode = FALSE
	EndGlobalSection
	GlobalSection(ExtensibilityGlobals) = postSolution
		SolutionGuid = {3A4FD404-14D6-45F4-A028-B9B5096E769E}
	EndGlobalSection
EndGlobal
