
Microsoft Visual Studio Solution File, Format Version 12.00
# Visual Studio Version 17
VisualStudioVersion = 17.6.33829.357
MinimumVisualStudioVersion = 10.0.40219.1
Project("{FAE04EC0-301F-11D3-BF4B-00C04F79EFBC}") = "ImmutableBenchmark", "ImmutableBenchmark.csproj", "{45595A59-5A51-4840-9BF7-BAC284BA89B9}"
EndProject
Global
	GlobalSection(SolutionConfigurationPlatforms) = preSolution
		Debug|Any CPU = Debug|Any CPU
		Release|Any CPU = Release|Any CPU
	EndGlobalSection
	GlobalSection(ProjectConfigurationPlatforms) = postSolution
		{45595A59-5A51-4840-9BF7-BAC284BA89B9}.Debug|Any CPU.ActiveCfg = Debug|Any CPU
		{45595A59-5A51-4840-9BF7-BAC284BA89B9}.Debug|Any CPU.Build.0 = Debug|Any CPU
		{45595A59-5A51-4840-9BF7-BAC284BA89B9}.Release|Any CPU.ActiveCfg = Release|Any CPU
		{45595A59-5A51-4840-9BF7-BAC284BA89B9}.Release|Any CPU.Build.0 = Release|Any CPU
	EndGlobalSection
	GlobalSection(SolutionProperties) = preSolution
		HideSolutionNode = FALSE
	EndGlobalSection
	GlobalSection(ExtensibilityGlobals) = postSolution
		SolutionGuid = {B1D34D3C-68AC-4380-9BB4-1AAEC328BE72}
	EndGlobalSection
EndGlobal
